{
  "name": "@harzva/lark-relay",
  "version": "0.1.0",
  "lockfileVersion": 3,
  "requires": true,
  "packages": {
    "": {
      "name": "@harzva/lark-relay",
      "version": "0.1.0",
      "license": "MIT",
      "bin": {
        "lark-relay": "src/cli.js"
      },
      "engines": {
        "node": ">=20.0.0"
      }
    }
  }
}
